// !$*UTF8*$!
{
	archiveVersion = 1;
	classes = {
	};
	objectVersion = 46;
	objects = {

/* Begin PBXBuildFile section */
		374DEA861C2CE8DD00A27E1F /* XJTabBar.m in Sources */ = {isa = PBXBuildFile; fileRef = 374DEA851C2CE8DD00A27E1F /* XJTabBar.m */; };
		374DEA891C2CEA5200A27E1F /* UIView+Extension.m in Sources */ = {isa = PBXBuildFile; fileRef = 374DEA881C2CEA5200A27E1F /* UIView+Extension.m */; };
		374DEA8F1C2CF6C100A27E1F /* UIBarButtonItem+Extension.m in Sources */ = {isa = PBXBuildFile; fileRef = 374DEA8E1C2CF6C100A27E1F /* UIBarButtonItem+Extension.m */; };
		374DEA921C2CF7FC00A27E1F /* NextViewController.m in Sources */ = {isa = PBXBuildFile; fileRef = 374DEA911C2CF7FC00A27E1F /* NextViewController.m */; };
		374DEA951C2D22D400A27E1F /* XJTitleButton.m in Sources */ = {isa = PBXBuildFile; fileRef = 374DEA941C2D22D400A27E1F /* XJTitleButton.m */; };
		37531F6F1C2CD360004649FA /* main.m in Sources */ = {isa = PBXBuildFile; fileRef = 37531F6E1C2CD360004649FA /* main.m */; };
		37531F881C2CD361004649FA /* XJSinaBlogTests.m in Sources */ = {isa = PBXBuildFile; fileRef = 37531F871C2CD361004649FA /* XJSinaBlogTests.m */; };
		37531F931C2CD361004649FA /* XJSinaBlogUITests.m in Sources */ = {isa = PBXBuildFile; fileRef = 37531F921C2CD361004649FA /* XJSinaBlogUITests.m */; };
		37531FA51C2CD9CC004649FA /* XJAppDelegate.m in Sources */ = {isa = PBXBuildFile; fileRef = 37531FA41C2CD9CC004649FA /* XJAppDelegate.m */; };
		37531FB31C2CE233004649FA /* Assets.xcassets in Resources */ = {isa = PBXBuildFile; fileRef = 37531FB21C2CE233004649FA /* Assets.xcassets */; };
		37531FB61C2CE40B004649FA /* XJTabBarViewController.m in Sources */ = {isa = PBXBuildFile; fileRef = 37531FB51C2CE40B004649FA /* XJTabBarViewController.m */; };
		37531FB91C2CE434004649FA /* XJNavigationViewController.m in Sources */ = {isa = PBXBuildFile; fileRef = 37531FB81C2CE434004649FA /* XJNavigationViewController.m */; };
		37531FBC1C2CE499004649FA /* XJHomeViewController.m in Sources */ = {isa = PBXBuildFile; fileRef = 37531FBB1C2CE499004649FA /* XJHomeViewController.m */; };
		37531FBF1C2CE4D5004649FA /* XJMessageViewController.m in Sources */ = {isa = PBXBuildFile; fileRef = 37531FBE1C2CE4D5004649FA /* XJMessageViewController.m */; };
		37531FC31C2CE54C004649FA /* XJNewfeatureViewController.m in Sources */ = {isa = PBXBuildFile; fileRef = 37531FC21C2CE54C004649FA /* XJNewfeatureViewController.m */; };
		37531FC61C2CE568004649FA /* XJProfileViewController.m in Sources */ = {isa = PBXBuildFile; fileRef = 37531FC51C2CE568004649FA /* XJProfileViewController.m */; };
		37531FCA1C2CE5B6004649FA /* XJDiscoverViewController.m in Sources */ = {isa = PBXBuildFile; fileRef = 37531FC91C2CE5B6004649FA /* XJDiscoverViewController.m */; };
		376C09F81C3CA9BD003CEEA8 /* XJDropdownMenu.m in Sources */ = {isa = PBXBuildFile; fileRef = 376C09F71C3CA9BD003CEEA8 /* XJDropdownMenu.m */; };
		377FB9B81C2CE6E000A456FB /* Images.xcassets in Resources */ = {isa = PBXBuildFile; fileRef = 377FB9B71C2CE6E000A456FB /* Images.xcassets */; };
		37D077EE1C4392300051777D /* XJOAuthViewController.m in Sources */ = {isa = PBXBuildFile; fileRef = 37D077ED1C4392300051777D /* XJOAuthViewController.m */; };
		37D077F11C43924C0051777D /* XJOAuthModel.m in Sources */ = {isa = PBXBuildFile; fileRef = 37D077F01C43924C0051777D /* XJOAuthModel.m */; };
		37D077F41C4392620051777D /* XJOAuthTool.m in Sources */ = {isa = PBXBuildFile; fileRef = 37D077F31C4392620051777D /* XJOAuthTool.m */; };
/* End PBXBuildFile section */

/* Begin PBXContainerItemProxy section */
		37531F841C2CD361004649FA /* PBXContainerItemProxy */ = {
			isa = PBXContainerItemProxy;
			containerPortal = 37531F621C2CD360004649FA /* Project object */;
			proxyType = 1;
			remoteGlobalIDString = 37531F691C2CD360004649FA;
			remoteInfo = XJSinaBlog;
		};
		37531F8F1C2CD361004649FA /* PBXContainerItemProxy */ = {
			isa = PBXContainerItemProxy;
			containerPortal = 37531F621C2CD360004649FA /* Project object */;
			proxyType = 1;
			remoteGlobalIDString = 37531F691C2CD360004649FA;
			remoteInfo = XJSinaBlog;
		};
/* End PBXContainerItemProxy section */

/* Begin PBXFileReference section */
		374DEA841C2CE8DD00A27E1F /* XJTabBar.h */ = {isa = PBXFileReference; fileEncoding = 4; lastKnownFileType = sourcecode.c.h; path = XJTabBar.h; sourceTree = "<group>"; };
		374DEA851C2CE8DD00A27E1F /* XJTabBar.m */ = {isa = PBXFileReference; fileEncoding = 4; lastKnownFileType = sourcecode.c.objc; path = XJTabBar.m; sourceTree = "<group>"; };
		374DEA871C2CEA5200A27E1F /* UIView+Extension.h */ = {isa = PBXFileReference; fileEncoding = 4; lastKnownFileType = sourcecode.c.h; path = "UIView+Extension.h"; sourceTree = "<group>"; };
		374DEA881C2CEA5200A27E1F /* UIView+Extension.m */ = {isa = PBXFileReference; fileEncoding = 4; lastKnownFileType = sourcecode.c.objc; path = "UIView+Extension.m"; sourceTree = "<group>"; };
		374DEA8A1C2CEBE700A27E1F /* XJSinaBlog_PrefixHeader.pch */ = {isa = PBXFileReference; fileEncoding = 4; lastKnownFileType = sourcecode.c.h; path = XJSinaBlog_PrefixHeader.pch; sourceTree = "<group>"; };
		374DEA8C1C2CEEC900A27E1F /* AppMacro.h */ = {isa = PBXFileReference; fileEncoding = 4; lastKnownFileType = sourcecode.c.h; path = AppMacro.h; sourceTree = "<group>"; };
		374DEA8D1C2CF6C100A27E1F /* UIBarButtonItem+Extension.h */ = {isa = PBXFileReference; fileEncoding = 4; lastKnownFileType = sourcecode.c.h; path = "UIBarButtonItem+Extension.h"; sourceTree = "<group>"; };
		374DEA8E1C2CF6C100A27E1F /* UIBarButtonItem+Extension.m */ = {isa = PBXFileReference; fileEncoding = 4; lastKnownFileType = sourcecode.c.objc; path = "UIBarButtonItem+Extension.m"; sourceTree = "<group>"; };
		374DEA901C2CF7FC00A27E1F /* NextViewController.h */ = {isa = PBXFileReference; fileEncoding = 4; lastKnownFileType = sourcecode.c.h; path = NextViewController.h; sourceTree = "<group>"; };
		374DEA911C2CF7FC00A27E1F /* NextViewController.m */ = {isa = PBXFileReference; fileEncoding = 4; lastKnownFileType = sourcecode.c.objc; path = NextViewController.m; sourceTree = "<group>"; };
		374DEA931C2D22D400A27E1F /* XJTitleButton.h */ = {isa = PBXFileReference; fileEncoding = 4; lastKnownFileType = sourcecode.c.h; path = XJTitleButton.h; sourceTree = "<group>"; };
		374DEA941C2D22D400A27E1F /* XJTitleButton.m */ = {isa = PBXFileReference; fileEncoding = 4; lastKnownFileType = sourcecode.c.objc; path = XJTitleButton.m; sourceTree = "<group>"; };
		37531F6A1C2CD360004649FA /* XJSinaBlog.app */ = {isa = PBXFileReference; explicitFileType = wrapper.application; includeInIndex = 0; path = XJSinaBlog.app; sourceTree = BUILT_PRODUCTS_DIR; };
		37531F6E1C2CD360004649FA /* main.m */ = {isa = PBXFileReference; lastKnownFileType = sourcecode.c.objc; path = main.m; sourceTree = "<group>"; };
		37531F7E1C2CD360004649FA /* XJSinaBlog_Info.plist */ = {isa = PBXFileReference; lastKnownFileType = text.plist.xml; path = XJSinaBlog_Info.plist; sourceTree = "<group>"; };
		37531F831C2CD361004649FA /* XJSinaBlogTests.xctest */ = {isa = PBXFileReference; explicitFileType = wrapper.cfbundle; includeInIndex = 0; path = XJSinaBlogTests.xctest; sourceTree = BUILT_PRODUCTS_DIR; };
		37531F871C2CD361004649FA /* XJSinaBlogTests.m */ = {isa = PBXFileReference; lastKnownFileType = sourcecode.c.objc; path = XJSinaBlogTests.m; sourceTree = "<group>"; };
		37531F891C2CD361004649FA /* Info.plist */ = {isa = PBXFileReference; lastKnownFileType = text.plist.xml; path = Info.plist; sourceTree = "<group>"; };
		37531F8E1C2CD361004649FA /* XJSinaBlogUITests.xctest */ = {isa = PBXFileReference; explicitFileType = wrapper.cfbundle; includeInIndex = 0; path = XJSinaBlogUITests.xctest; sourceTree = BUILT_PRODUCTS_DIR; };
		37531F921C2CD361004649FA /* XJSinaBlogUITests.m */ = {isa = PBXFileReference; lastKnownFileType = sourcecode.c.objc; path = XJSinaBlogUITests.m; sourceTree = "<group>"; };
		37531F941C2CD361004649FA /* Info.plist */ = {isa = PBXFileReference; lastKnownFileType = text.plist.xml; path = Info.plist; sourceTree = "<group>"; };
		37531FA31C2CD9CC004649FA /* XJAppDelegate.h */ = {isa = PBXFileReference; fileEncoding = 4; lastKnownFileType = sourcecode.c.h; path = XJAppDelegate.h; sourceTree = "<group>"; };
		37531FA41C2CD9CC004649FA /* XJAppDelegate.m */ = {isa = PBXFileReference; fileEncoding = 4; lastKnownFileType = sourcecode.c.objc; path = XJAppDelegate.m; sourceTree = "<group>"; };
		37531FB21C2CE233004649FA /* Assets.xcassets */ = {isa = PBXFileReference; lastKnownFileType = folder.assetcatalog; path = Assets.xcassets; sourceTree = "<group>"; };
		37531FB41C2CE40B004649FA /* XJTabBarViewController.h */ = {isa = PBXFileReference; fileEncoding = 4; lastKnownFileType = sourcecode.c.h; path = XJTabBarViewController.h; sourceTree = "<group>"; };
		37531FB51C2CE40B004649FA /* XJTabBarViewController.m */ = {isa = PBXFileReference; fileEncoding = 4; lastKnownFileType = sourcecode.c.objc; path = XJTabBarViewController.m; sourceTree = "<group>"; };
		37531FB71C2CE434004649FA /* XJNavigationViewController.h */ = {isa = PBXFileReference; fileEncoding = 4; lastKnownFileType = sourcecode.c.h; path = XJNavigationViewController.h; sourceTree = "<group>"; };
		37531FB81C2CE434004649FA /* XJNavigationViewController.m */ = {isa = PBXFileReference; fileEncoding = 4; lastKnownFileType = sourcecode.c.objc; path = XJNavigationViewController.m; sourceTree = "<group>"; };
		37531FBA1C2CE499004649FA /* XJHomeViewController.h */ = {isa = PBXFileReference; fileEncoding = 4; lastKnownFileType = sourcecode.c.h; path = XJHomeViewController.h; sourceTree = "<group>"; };
		37531FBB1C2CE499004649FA /* XJHomeViewController.m */ = {isa = PBXFileReference; fileEncoding = 4; lastKnownFileType = sourcecode.c.objc; path = XJHomeViewController.m; sourceTree = "<group>"; };
		37531FBD1C2CE4D5004649FA /* XJMessageViewController.h */ = {isa = PBXFileReference; fileEncoding = 4; lastKnownFileType = sourcecode.c.h; path = XJMessageViewController.h; sourceTree = "<group>"; };
		37531FBE1C2CE4D5004649FA /* XJMessageViewController.m */ = {isa = PBXFileReference; fileEncoding = 4; lastKnownFileType = sourcecode.c.objc; path = XJMessageViewController.m; sourceTree = "<group>"; };
		37531FC11C2CE54C004649FA /* XJNewfeatureViewController.h */ = {isa = PBXFileReference; fileEncoding = 4; lastKnownFileType = sourcecode.c.h; path = XJNewfeatureViewController.h; sourceTree = "<group>"; };
		37531FC21C2CE54C004649FA /* XJNewfeatureViewController.m */ = {isa = PBXFileReference; fileEncoding = 4; lastKnownFileType = sourcecode.c.objc; path = XJNewfeatureViewController.m; sourceTree = "<group>"; };
		37531FC41C2CE568004649FA /* XJProfileViewController.h */ = {isa = PBXFileReference; fileEncoding = 4; lastKnownFileType = sourcecode.c.h; path = XJProfileViewController.h; sourceTree = "<group>"; };
		37531FC51C2CE568004649FA /* XJProfileViewController.m */ = {isa = PBXFileReference; fileEncoding = 4; lastKnownFileType = sourcecode.c.objc; path = XJProfileViewController.m; sourceTree = "<group>"; };
		37531FC81C2CE5B6004649FA /* XJDiscoverViewController.h */ = {isa = PBXFileReference; fileEncoding = 4; lastKnownFileType = sourcecode.c.h; path = XJDiscoverViewController.h; sourceTree = "<group>"; };
		37531FC91C2CE5B6004649FA /* XJDiscoverViewController.m */ = {isa = PBXFileReference; fileEncoding = 4; lastKnownFileType = sourcecode.c.objc; path = XJDiscoverViewController.m; sourceTree = "<group>"; };
		376C09F61C3CA9BD003CEEA8 /* XJDropdownMenu.h */ = {isa = PBXFileReference; fileEncoding = 4; lastKnownFileType = sourcecode.c.h; path = XJDropdownMenu.h; sourceTree = "<group>"; };
		376C09F71C3CA9BD003CEEA8 /* XJDropdownMenu.m */ = {isa = PBXFileReference; fileEncoding = 4; lastKnownFileType = sourcecode.c.objc; path = XJDropdownMenu.m; sourceTree = "<group>"; };
		377FB9B71C2CE6E000A456FB /* Images.xcassets */ = {isa = PBXFileReference; lastKnownFileType = folder.assetcatalog; path = Images.xcassets; sourceTree = "<group>"; };
		37D077EC1C4392300051777D /* XJOAuthViewController.h */ = {isa = PBXFileReference; fileEncoding = 4; lastKnownFileType = sourcecode.c.h; path = XJOAuthViewController.h; sourceTree = "<group>"; };
		37D077ED1C4392300051777D /* XJOAuthViewController.m */ = {isa = PBXFileReference; fileEncoding = 4; lastKnownFileType = sourcecode.c.objc; path = XJOAuthViewController.m; sourceTree = "<group>"; };
		37D077EF1C43924C0051777D /* XJOAuthModel.h */ = {isa = PBXFileReference; fileEncoding = 4; lastKnownFileType = sourcecode.c.h; path = XJOAuthModel.h; sourceTree = "<group>"; };
		37D077F01C43924C0051777D /* XJOAuthModel.m */ = {isa = PBXFileReference; fileEncoding = 4; lastKnownFileType = sourcecode.c.objc; path = XJOAuthModel.m; sourceTree = "<group>"; };
		37D077F21C4392620051777D /* XJOAuthTool.h */ = {isa = PBXFileReference; fileEncoding = 4; lastKnownFileType = sourcecode.c.h; path = XJOAuthTool.h; sourceTree = "<group>"; };
		37D077F31C4392620051777D /* XJOAuthTool.m */ = {isa = PBXFileReference; fileEncoding = 4; lastKnownFileType = sourcecode.c.objc; path = XJOAuthTool.m; sourceTree = "<group>"; };
/* End PBXFileReference section */

/* Begin PBXFrameworksBuildPhase section */
		37531F671C2CD360004649FA /* Frameworks */ = {
			isa = PBXFrameworksBuildPhase;
			buildActionMask = 2147483647;
			files = (
			);
			runOnlyForDeploymentPostprocessing = 0;
		};
		37531F801C2CD361004649FA /* Frameworks */ = {
			isa = PBXFrameworksBuildPhase;
			buildActionMask = 2147483647;
			files = (
			);
			runOnlyForDeploymentPostprocessing = 0;
		};
		37531F8B1C2CD361004649FA /* Frameworks */ = {
			isa = PBXFrameworksBuildPhase;
			buildActionMask = 2147483647;
			files = (
			);
			runOnlyForDeploymentPostprocessing = 0;
		};
/* End PBXFrameworksBuildPhase section */

/* Begin PBXGroup section */
		37531F611C2CD360004649FA = {
			isa = PBXGroup;
			children = (
				37531F6C1C2CD360004649FA /* XJSinaBlog */,
				37531F861C2CD361004649FA /* XJSinaBlogTests */,
				37531F911C2CD361004649FA /* XJSinaBlogUITests */,
				37531F6B1C2CD360004649FA /* Products */,
			);
			sourceTree = "<group>";
		};
		37531F6B1C2CD360004649FA /* Products */ = {
			isa = PBXGroup;
			children = (
				37531F6A1C2CD360004649FA /* XJSinaBlog.app */,
				37531F831C2CD361004649FA /* XJSinaBlogTests.xctest */,
				37531F8E1C2CD361004649FA /* XJSinaBlogUITests.xctest */,
			);
			name = Products;
			sourceTree = "<group>";
		};
		37531F6C1C2CD360004649FA /* XJSinaBlog */ = {
			isa = PBXGroup;
			children = (
				37531FA31C2CD9CC004649FA /* XJAppDelegate.h */,
				37531FA41C2CD9CC004649FA /* XJAppDelegate.m */,
				37531FC01C2CE52D004649FA /* BaseModels */,
				37531FAB1C2CE0F8004649FA /* Macro */,
				37531FA61C2CE0F8004649FA /* General */,
				37D077EB1C43920A0051777D /* OAuth */,
				37531FAA1C2CE0F8004649FA /* Home */,
				37531FAC1C2CE0F8004649FA /* MessageCenter */,
				37531FC71C2CE5A3004649FA /* Discover */,
				37531FAF1C2CE0F8004649FA /* Profile */,
				37531FAE1C2CE0F8004649FA /* Newfeature */,
				37531F6D1C2CD360004649FA /* Supporting Files */,
			);
			path = XJSinaBlog;
			sourceTree = "<group>";
		};
		37531F6D1C2CD360004649FA /* Supporting Files */ = {
			isa = PBXGroup;
			children = (
				37531FB21C2CE233004649FA /* Assets.xcassets */,
				377FB9B71C2CE6E000A456FB /* Images.xcassets */,
				37531F7E1C2CD360004649FA /* XJSinaBlog_Info.plist */,
				37531F6E1C2CD360004649FA /* main.m */,
				374DEA8A1C2CEBE700A27E1F /* XJSinaBlog_PrefixHeader.pch */,
			);
			name = "Supporting Files";
			sourceTree = "<group>";
		};
		37531F861C2CD361004649FA /* XJSinaBlogTests */ = {
			isa = PBXGroup;
			children = (
				37531F871C2CD361004649FA /* XJSinaBlogTests.m */,
				37531F891C2CD361004649FA /* Info.plist */,
			);
			path = XJSinaBlogTests;
			sourceTree = "<group>";
		};
		37531F911C2CD361004649FA /* XJSinaBlogUITests */ = {
			isa = PBXGroup;
			children = (
				37531F921C2CD361004649FA /* XJSinaBlogUITests.m */,
				37531F941C2CD361004649FA /* Info.plist */,
			);
			path = XJSinaBlogUITests;
			sourceTree = "<group>";
		};
		37531FA61C2CE0F8004649FA /* General */ = {
			isa = PBXGroup;
			children = (
				37531FA71C2CE0F8004649FA /* Categories */,
				37531FA81C2CE0F8004649FA /* ViewController */,
				37531FA91C2CE0F8004649FA /* Views */,
			);
			path = General;
			sourceTree = "<group>";
		};
		37531FA71C2CE0F8004649FA /* Categories */ = {
			isa = PBXGroup;
			children = (
				374DEA871C2CEA5200A27E1F /* UIView+Extension.h */,
				374DEA881C2CEA5200A27E1F /* UIView+Extension.m */,
				374DEA8D1C2CF6C100A27E1F /* UIBarButtonItem+Extension.h */,
				374DEA8E1C2CF6C100A27E1F /* UIBarButtonItem+Extension.m */,
			);
			path = Categories;
			sourceTree = "<group>";
		};
		37531FA81C2CE0F8004649FA /* ViewController */ = {
			isa = PBXGroup;
			children = (
				37531FB41C2CE40B004649FA /* XJTabBarViewController.h */,
				37531FB51C2CE40B004649FA /* XJTabBarViewController.m */,
				37531FB71C2CE434004649FA /* XJNavigationViewController.h */,
				37531FB81C2CE434004649FA /* XJNavigationViewController.m */,
			);
			path = ViewController;
			sourceTree = "<group>";
		};
		37531FA91C2CE0F8004649FA /* Views */ = {
			isa = PBXGroup;
			children = (
				374DEA841C2CE8DD00A27E1F /* XJTabBar.h */,
				374DEA851C2CE8DD00A27E1F /* XJTabBar.m */,
				374DEA931C2D22D400A27E1F /* XJTitleButton.h */,
				374DEA941C2D22D400A27E1F /* XJTitleButton.m */,
				376C09F61C3CA9BD003CEEA8 /* XJDropdownMenu.h */,
				376C09F71C3CA9BD003CEEA8 /* XJDropdownMenu.m */,
			);
			path = Views;
			sourceTree = "<group>";
		};
		37531FAA1C2CE0F8004649FA /* Home */ = {
			isa = PBXGroup;
			children = (
				37531FBA1C2CE499004649FA /* XJHomeViewController.h */,
				37531FBB1C2CE499004649FA /* XJHomeViewController.m */,
				374DEA901C2CF7FC00A27E1F /* NextViewController.h */,
				374DEA911C2CF7FC00A27E1F /* NextViewController.m */,
			);
			path = Home;
			sourceTree = "<group>";
		};
		37531FAB1C2CE0F8004649FA /* Macro */ = {
			isa = PBXGroup;
			children = (
				374DEA8C1C2CEEC900A27E1F /* AppMacro.h */,
			);
			path = Macro;
			sourceTree = "<group>";
		};
		37531FAC1C2CE0F8004649FA /* MessageCenter */ = {
			isa = PBXGroup;
			children = (
				37531FBD1C2CE4D5004649FA /* XJMessageViewController.h */,
				37531FBE1C2CE4D5004649FA /* XJMessageViewController.m */,
			);
			path = MessageCenter;
			sourceTree = "<group>";
		};
		37531FAE1C2CE0F8004649FA /* Newfeature */ = {
			isa = PBXGroup;
			children = (
				37531FC11C2CE54C004649FA /* XJNewfeatureViewController.h */,
				37531FC21C2CE54C004649FA /* XJNewfeatureViewController.m */,
			);
			path = Newfeature;
			sourceTree = "<group>";
		};
		37531FAF1C2CE0F8004649FA /* Profile */ = {
			isa = PBXGroup;
			children = (
				37531FC41C2CE568004649FA /* XJProfileViewController.h */,
				37531FC51C2CE568004649FA /* XJProfileViewController.m */,
			);
			path = Profile;
			sourceTree = "<group>";
		};
		37531FC01C2CE52D004649FA /* BaseModels */ = {
			isa = PBXGroup;
			children = (
			);
			path = BaseModels;
			sourceTree = "<group>";
		};
		37531FC71C2CE5A3004649FA /* Discover */ = {
			isa = PBXGroup;
			children = (
				37531FC81C2CE5B6004649FA /* XJDiscoverViewController.h */,
				37531FC91C2CE5B6004649FA /* XJDiscoverViewController.m */,
			);
			path = Discover;
			sourceTree = "<group>";
		};
		37D077EB1C43920A0051777D /* OAuth */ = {
			isa = PBXGroup;
			children = (
				37D077EC1C4392300051777D /* XJOAuthViewController.h */,
				37D077ED1C4392300051777D /* XJOAuthViewController.m */,
				37D077EF1C43924C0051777D /* XJOAuthModel.h */,
				37D077F01C43924C0051777D /* XJOAuthModel.m */,
				37D077F21C4392620051777D /* XJOAuthTool.h */,
				37D077F31C4392620051777D /* XJOAuthTool.m */,
			);
			path = OAuth;
			sourceTree = "<group>";
		};
/* End PBXGroup section */

/* Begin PBXNativeTarget section */
		37531F691C2CD360004649FA /* XJSinaBlog */ = {
			isa = PBXNativeTarget;
			buildConfigurationList = 37531F971C2CD361004649FA /* Build configuration list for PBXNativeTarget "XJSinaBlog" */;
			buildPhases = (
				37531F661C2CD360004649FA /* Sources */,
				37531F671C2CD360004649FA /* Frameworks */,
				37531F681C2CD360004649FA /* Resources */,
			);
			buildRules = (
			);
			dependencies = (
			);
			name = XJSinaBlog;
			productName = XJSinaBlog;
			productReference = 37531F6A1C2CD360004649FA /* XJSinaBlog.app */;
			productType = "com.apple.product-type.application";
		};
		37531F821C2CD361004649FA /* XJSinaBlogTests */ = {
			isa = PBXNativeTarget;
			buildConfigurationList = 37531F9A1C2CD361004649FA /* Build configuration list for PBXNativeTarget "XJSinaBlogTests" */;
			buildPhases = (
				37531F7F1C2CD361004649FA /* Sources */,
				37531F801C2CD361004649FA /* Frameworks */,
				37531F811C2CD361004649FA /* Resources */,
			);
			buildRules = (
			);
			dependencies = (
				37531F851C2CD361004649FA /* PBXTargetDependency */,
			);
			name = XJSinaBlogTests;
			productName = XJSinaBlogTests;
			productReference = 37531F831C2CD361004649FA /* XJSinaBlogTests.xctest */;
			productType = "com.apple.product-type.bundle.unit-test";
		};
		37531F8D1C2CD361004649FA /* XJSinaBlogUITests */ = {
			isa = PBXNativeTarget;
			buildConfigurationList = 37531F9D1C2CD361004649FA /* Build configuration list for PBXNativeTarget "XJSinaBlogUITests" */;
			buildPhases = (
				37531F8A1C2CD361004649FA /* Sources */,
				37531F8B1C2CD361004649FA /* Frameworks */,
				37531F8C1C2CD361004649FA /* Resources */,
			);
			buildRules = (
			);
			dependencies = (
				37531F901C2CD361004649FA /* PBXTargetDependency */,
			);
			name = XJSinaBlogUITests;
			productName = XJSinaBlogUITests;
			productReference = 37531F8E1C2CD361004649FA /* XJSinaBlogUITests.xctest */;
			productType = "com.apple.product-type.bundle.ui-testing";
		};
/* End PBXNativeTarget section */

/* Begin PBXProject section */
		37531F621C2CD360004649FA /* Project object */ = {
			isa = PBXProject;
			attributes = {
				LastUpgradeCheck = 0710;
				ORGANIZATIONNAME = kent;
				TargetAttributes = {
					37531F691C2CD360004649FA = {
						CreatedOnToolsVersion = 7.1;
						DevelopmentTeam = 36BYRP82CS;
					};
					37531F821C2CD361004649FA = {
						CreatedOnToolsVersion = 7.1;
						DevelopmentTeam = 36BYRP82CS;
						TestTargetID = 37531F691C2CD360004649FA;
					};
					37531F8D1C2CD361004649FA = {
						CreatedOnToolsVersion = 7.1;
						DevelopmentTeam = 36BYRP82CS;
						TestTargetID = 37531F691C2CD360004649FA;
					};
				};
			};
			buildConfigurationList = 37531F651C2CD360004649FA /* Build configuration list for PBXProject "XJSinaBlog" */;
			compatibilityVersion = "Xcode 3.2";
			developmentRegion = English;
			hasScannedForEncodings = 0;
			knownRegions = (
				en,
				Base,
			);
			mainGroup = 37531F611C2CD360004649FA;
			productRefGroup = 37531F6B1C2CD360004649FA /* Products */;
			projectDirPath = "";
			projectRoot = "";
			targets = (
				37531F691C2CD360004649FA /* XJSinaBlog */,
				37531F821C2CD361004649FA /* XJSinaBlogTests */,
				37531F8D1C2CD361004649FA /* XJSinaBlogUITests */,
			);
		};
/* End PBXProject section */

/* Begin PBXResourcesBuildPhase section */
		37531F681C2CD360004649FA /* Resources */ = {
			isa = PBXResourcesBuildPhase;
			buildActionMask = 2147483647;
			files = (
				37531FB31C2CE233004649FA /* Assets.xcassets in Resources */,
				377FB9B81C2CE6E000A456FB /* Images.xcassets in Resources */,
			);
			runOnlyForDeploymentPostprocessing = 0;
		};
		37531F811C2CD361004649FA /* Resources */ = {
			isa = PBXResourcesBuildPhase;
			buildActionMask = 2147483647;
			files = (
			);
			runOnlyForDeploymentPostprocessing = 0;
		};
		37531F8C1C2CD361004649FA /* Resources */ = {
			isa = PBXResourcesBuildPhase;
			buildActionMask = 2147483647;
			files = (
			);
			runOnlyForDeploymentPostprocessing = 0;
		};
/* End PBXResourcesBuildPhase section */

/* Begin PBXSourcesBuildPhase section */
		37531F661C2CD360004649FA /* Sources */ = {
			isa = PBXSourcesBuildPhase;
			buildActionMask = 2147483647;
			files = (
				374DEA951C2D22D400A27E1F /* XJTitleButton.m in Sources */,
				374DEA8F1C2CF6C100A27E1F /* UIBarButtonItem+Extension.m in Sources */,
				37531FB91C2CE434004649FA /* XJNavigationViewController.m in Sources */,
				37531FB61C2CE40B004649FA /* XJTabBarViewController.m in Sources */,
				37D077EE1C4392300051777D /* XJOAuthViewController.m in Sources */,
				374DEA891C2CEA5200A27E1F /* UIView+Extension.m in Sources */,
				37D077F11C43924C0051777D /* XJOAuthModel.m in Sources */,
				376C09F81C3CA9BD003CEEA8 /* XJDropdownMenu.m in Sources */,
				374DEA921C2CF7FC00A27E1F /* NextViewController.m in Sources */,
				37531FCA1C2CE5B6004649FA /* XJDiscoverViewController.m in Sources */,
				37531FA51C2CD9CC004649FA /* XJAppDelegate.m in Sources */,
				37531F6F1C2CD360004649FA /* main.m in Sources */,
				37531FBF1C2CE4D5004649FA /* XJMessageViewController.m in Sources */,
				37531FBC1C2CE499004649FA /* XJHomeViewController.m in Sources */,
				37531FC61C2CE568004649FA /* XJProfileViewController.m in Sources */,
				37531FC31C2CE54C004649FA /* XJNewfeatureViewController.m in Sources */,
				374DEA861C2CE8DD00A27E1F /* XJTabBar.m in Sources */,
				37D077F41C4392620051777D /* XJOAuthTool.m in Sources */,
			);
			runOnlyForDeploymentPostprocessing = 0;
		};
		37531F7F1C2CD361004649FA /* Sources */ = {
			isa = PBXSourcesBuildPhase;
			buildActionMask = 2147483647;
			files = (
				37531F881C2CD361004649FA /* XJSinaBlogTests.m in Sources */,
			);
			runOnlyForDeploymentPostprocessing = 0;
		};
		37531F8A1C2CD361004649FA /* Sources */ = {
			isa = PBXSourcesBuildPhase;
			buildActionMask = 2147483647;
			files = (
				37531F931C2CD361004649FA /* XJSinaBlogUITests.m in Sources */,
			);
			runOnlyForDeploymentPostprocessing = 0;
		};
/* End PBXSourcesBuildPhase section */

/* Begin PBXTargetDependency section */
		37531F851C2CD361004649FA /* PBXTargetDependency */ = {
			isa = PBXTargetDependency;
			target = 37531F691C2CD360004649FA /* XJSinaBlog */;
			targetProxy = 37531F841C2CD361004649FA /* PBXContainerItemProxy */;
		};
		37531F901C2CD361004649FA /* PBXTargetDependency */ = {
			isa = PBXTargetDependency;
			target = 37531F691C2CD360004649FA /* XJSinaBlog */;
			targetProxy = 37531F8F1C2CD361004649FA /* PBXContainerItemProxy */;
		};
/* End PBXTargetDependency section */

/* Begin XCBuildConfiguration section */
		37531F951C2CD361004649FA /* Debug */ = {
			isa = XCBuildConfiguration;
			buildSettings = {
				ALWAYS_SEARCH_USER_PATHS = NO;
				CLANG_CXX_LANGUAGE_STANDARD = "gnu++0x";
				CLANG_CXX_LIBRARY = "libc++";
				CLANG_ENABLE_MODULES = YES;
				CLANG_ENABLE_OBJC_ARC = YES;
				CLANG_WARN_BOOL_CONVERSION = YES;
				CLANG_WARN_CONSTANT_CONVERSION = YES;
				CLANG_WARN_DIRECT_OBJC_ISA_USAGE = YES_ERROR;
				CLANG_WARN_EMPTY_BODY = YES;
				CLANG_WARN_ENUM_CONVERSION = YES;
				CLANG_WARN_INT_CONVERSION = YES;
				CLANG_WARN_OBJC_ROOT_CLASS = YES_ERROR;
				CLANG_WARN_UNREACHABLE_CODE = YES;
				CLANG_WARN__DUPLICATE_METHOD_MATCH = YES;
				"CODE_SIGN_IDENTITY[sdk=iphoneos*]" = "iPhone Developer";
				COPY_PHASE_STRIP = NO;
				DEBUG_INFORMATION_FORMAT = dwarf;
				ENABLE_STRICT_OBJC_MSGSEND = YES;
				ENABLE_TESTABILITY = YES;
				GCC_C_LANGUAGE_STANDARD = gnu99;
				GCC_DYNAMIC_NO_PIC = NO;
				GCC_NO_COMMON_BLOCKS = YES;
				GCC_OPTIMIZATION_LEVEL = 0;
				GCC_PREPROCESSOR_DEFINITIONS = (
					"DEBUG=1",
					"$(inherited)",
				);
				GCC_WARN_64_TO_32_BIT_CONVERSION = YES;
				GCC_WARN_ABOUT_RETURN_TYPE = YES_ERROR;
				GCC_WARN_UNDECLARED_SELECTOR = YES;
				GCC_WARN_UNINITIALIZED_AUTOS = YES_AGGRESSIVE;
				GCC_WARN_UNUSED_FUNCTION = YES;
				GCC_WARN_UNUSED_VARIABLE = YES;
				IPHONEOS_DEPLOYMENT_TARGET = 9.1;
				MTL_ENABLE_DEBUG_INFO = YES;
				ONLY_ACTIVE_ARCH = YES;
				SDKROOT = iphoneos;
				TARGETED_DEVICE_FAMILY = "1,2";
			};
			name = Debug;
		};
		37531F961C2CD361004649FA /* Release */ = {
			isa = XCBuildConfiguration;
			buildSettings = {
				ALWAYS_SEARCH_USER_PATHS = NO;
				CLANG_CXX_LANGUAGE_STANDARD = "gnu++0x";
				CLANG_CXX_LIBRARY = "libc++";
				CLANG_ENABLE_MODULES = YES;
				CLANG_ENABLE_OBJC_ARC = YES;
				CLANG_WARN_BOOL_CONVERSION = YES;
				CLANG_WARN_CONSTANT_CONVERSION = YES;
				CLANG_WARN_DIRECT_OBJC_ISA_USAGE = YES_ERROR;
				CLANG_WARN_EMPTY_BODY = YES;
				CLANG_WARN_ENUM_CONVERSION = YES;
				CLANG_WARN_INT_CONVERSION = YES;
				CLANG_WARN_OBJC_ROOT_CLASS = YES_ERROR;
				CLANG_WARN_UNREACHABLE_CODE = YES;
				CLANG_WARN__DUPLICATE_METHOD_MATCH = YES;
				"CODE_SIGN_IDENTITY[sdk=iphoneos*]" = "iPhone Developer";
				COPY_PHASE_STRIP = NO;
				DEBUG_INFORMATION_FORMAT = "dwarf-with-dsym";
				ENABLE_NS_ASSERTIONS = NO;
				ENABLE_STRICT_OBJC_MSGSEND = YES;
				GCC_C_LANGUAGE_STANDARD = gnu99;
				GCC_NO_COMMON_BLOCKS = YES;
				GCC_WARN_64_TO_32_BIT_CONVERSION = YES;
				GCC_WARN_ABOUT_RETURN_TYPE = YES_ERROR;
				GCC_WARN_UNDECLARED_SELECTOR = YES;
				GCC_WARN_UNINITIALIZED_AUTOS = YES_AGGRESSIVE;
				GCC_WARN_UNUSED_FUNCTION = YES;
				GCC_WARN_UNUSED_VARIABLE = YES;
				IPHONEOS_DEPLOYMENT_TARGET = 9.1;
				MTL_ENABLE_DEBUG_INFO = NO;
				SDKROOT = iphoneos;
				TARGETED_DEVICE_FAMILY = "1,2";
				VALIDATE_PRODUCT = YES;
			};
			name = Release;
		};
		37531F981C2CD361004649FA /* Debug */ = {
			isa = XCBuildConfiguration;
			buildSettings = {
				ASSETCATALOG_COMPILER_APPICON_NAME = AppIcon;
				ASSETCATALOG_COMPILER_LAUNCHIMAGE_NAME = "Brand Assets";
				GCC_PRECOMPILE_PREFIX_HEADER = YES;
				GCC_PREFIX_HEADER = XJSinaBlog/XJSinaBlog_PrefixHeader.pch;
				INFOPLIST_FILE = XJSinaBlog/XJSinaBlog_Info.plist;
				LD_RUNPATH_SEARCH_PATHS = "$(inherited) @executable_path/Frameworks";
				PRODUCT_BUNDLE_IDENTIFIER = com.kent.XJSinaBlog;
				PRODUCT_NAME = "$(TARGET_NAME)";
			};
			name = Debug;
		};
		37531F991C2CD361004649FA /* Release */ = {
			isa = XCBuildConfiguration;
			buildSettings = {
				ASSETCATALOG_COMPILER_APPICON_NAME = AppIcon;
				ASSETCATALOG_COMPILER_LAUNCHIMAGE_NAME = "Brand Assets";
				GCC_PRECOMPILE_PREFIX_HEADER = YES;
				GCC_PREFIX_HEADER = XJSinaBlog/XJSinaBlog_PrefixHeader.pch;
				INFOPLIST_FILE = XJSinaBlog/XJSinaBlog_Info.plist;
				LD_RUNPATH_SEARCH_PATHS = "$(inherited) @executable_path/Frameworks";
				PRODUCT_BUNDLE_IDENTIFIER = com.kent.XJSinaBlog;
				PRODUCT_NAME = "$(TARGET_NAME)";
			};
			name = Release;
		};
		37531F9B1C2CD361004649FA /* Debug */ = {
			isa = XCBuildConfiguration;
			buildSettings = {
				BUNDLE_LOADER = "$(TEST_HOST)";
				INFOPLIST_FILE = XJSinaBlogTests/Info.plist;
				LD_RUNPATH_SEARCH_PATHS = "$(inherited) @executable_path/Frameworks @loader_path/Frameworks";
				PRODUCT_BUNDLE_IDENTIFIER = com.kent.XJSinaBlogTests;
				PRODUCT_NAME = "$(TARGET_NAME)";
				TEST_HOST = "$(BUILT_PRODUCTS_DIR)/XJSinaBlog.app/XJSinaBlog";
			};
			name = Debug;
		};
		37531F9C1C2CD361004649FA /* Release */ = {
			isa = XCBuildConfiguration;
			buildSettings = {
				BUNDLE_LOADER = "$(TEST_HOST)";
				INFOPLIST_FILE = XJSinaBlogTests/Info.plist;
				LD_RUNPATH_SEARCH_PATHS = "$(inherited) @executable_path/Frameworks @loader_path/Frameworks";
				PRODUCT_BUNDLE_IDENTIFIER = com.kent.XJSinaBlogTests;
				PRODUCT_NAME = "$(TARGET_NAME)";
				TEST_HOST = "$(BUILT_PRODUCTS_DIR)/XJSinaBlog.app/XJSinaBlog";
			};
			name = Release;
		};
		37531F9E1C2CD361004649FA /* Debug */ = {
			isa = XCBuildConfiguration;
			buildSettings = {
				INFOPLIST_FILE = XJSinaBlogUITests/Info.plist;
				LD_RUNPATH_SEARCH_PATHS = "$(inherited) @executable_path/Frameworks @loader_path/Frameworks";
				PRODUCT_BUNDLE_IDENTIFIER = com.kent.XJSinaBlogUITests;
				PRODUCT_NAME = "$(TARGET_NAME)";
				TEST_TARGET_NAME = XJSinaBlog;
				USES_XCTRUNNER = YES;
			};
			name = Debug;
		};
		37531F9F1C2CD361004649FA /* Release */ = {
			isa = XCBuildConfiguration;
			buildSettings = {
				INFOPLIST_FILE = XJSinaBlogUITests/Info.plist;
				LD_RUNPATH_SEARCH_PATHS = "$(inherited) @executable_path/Frameworks @loader_path/Frameworks";
				PRODUCT_BUNDLE_IDENTIFIER = com.kent.XJSinaBlogUITests;
				PRODUCT_NAME = "$(TARGET_NAME)";
				TEST_TARGET_NAME = XJSinaBlog;
				USES_XCTRUNNER = YES;
			};
			name = Release;
		};
/* End XCBuildConfiguration section */

/* Begin XCConfigurationList section */
		37531F651C2CD360004649FA /* Build configuration list for PBXProject "XJSinaBlog" */ = {
			isa = XCConfigurationList;
			buildConfigurations = (
				37531F951C2CD361004649FA /* Debug */,
				37531F961C2CD361004649FA /* Release */,
			);
			defaultConfigurationIsVisible = 0;
			defaultConfigurationName = Release;
		};
		37531F971C2CD361004649FA /* Build configuration list for PBXNativeTarget "XJSinaBlog" */ = {
			isa = XCConfigurationList;
			buildConfigurations = (
				37531F981C2CD361004649FA /* Debug */,
				37531F991C2CD361004649FA /* Release */,
			);
			defaultConfigurationIsVisible = 0;
			defaultConfigurationName = Release;
		};
		37531F9A1C2CD361004649FA /* Build configuration list for PBXNativeTarget "XJSinaBlogTests" */ = {
			isa = XCConfigurationList;
			buildConfigurations = (
				37531F9B1C2CD361004649FA /* Debug */,
				37531F9C1C2CD361004649FA /* Release */,
			);
			defaultConfigurationIsVisible = 0;
			defaultConfigurationName = Release;
		};
		37531F9D1C2CD361004649FA /* Build configuration list for PBXNativeTarget "XJSinaBlogUITests" */ = {
			isa = XCConfigurationList;
			buildConfigurations = (
				37531F9E1C2CD361004649FA /* Debug */,
				37531F9F1C2CD361004649FA /* Release */,
			);
			defaultConfigurationIsVisible = 0;
			defaultConfigurationName = Release;
		};
/* End XCConfigurationList section */
	};
	rootObject = 37531F621C2CD360004649FA /* Project object */;
}
